
Microsoft Visual Studio Solution File, Format Version 12.00
# Visual Studio Version 16
VisualStudioVersion = 16.0.31515.178
MinimumVisualStudioVersion = 10.0.40219.1
Project("{8BC9CEB8-8B4A-11D0-8D11-00A0C91BC942}") = "f4", "f4.vcxproj", "{F71E9799-4A5C-4CFD-8667-A04518DE854B}"
EndProject
Global
	GlobalSection(SolutionConfigurationPlatforms) = preSolution
		Debug|x64 = Debug|x64
		Debug|x86 = Debug|x86
		Release|x64 = Release|x64
		Release|x86 = Release|x86
	EndGlobalSection
	GlobalSection(ProjectConfigurationPlatforms) = postSolution
		{F71E9799-4A5C-4CFD-8667-A04518DE854B}.Debug|x64.ActiveCfg = Debug|x64
		{F71E9799-4A5C-4CFD-8667-A04518DE854B}.Debug|x64.Build.0 = Debug|x64
		{F71E9799-4A5C-4CFD-8667-A04518DE854B}.Debug|x86.ActiveCfg = Debug|Win32
		{F71E9799-4A5C-4CFD-8667-A04518DE854B}.Debug|x86.Build.0 = Debug|Win32
		{F71E9799-4A5C-4CFD-8667-A04518DE854B}.Release|x64.ActiveCfg = Release|x64
		{F71E9799-4A5C-4CFD-8667-A04518DE854B}.Release|x64.Build.0 = Release|x64
		{F71E9799-4A5C-4CFD-8667-A04518DE854B}.Release|x86.ActiveCfg = Release|Win32
		{F71E9799-4A5C-4CFD-8667-A04518DE854B}.Release|x86.Build.0 = Release|Win32
	EndGlobalSection
	GlobalSection(SolutionProperties) = preSolution
		HideSolutionNode = FALSE
	EndGlobalSection
	GlobalSection(ExtensibilityGlobals) = postSolution
		SolutionGuid = {DD8F44DB-9F5E-41A6-9752-3AC4FCA09F26}
	EndGlobalSection
EndGlobal
