
Microsoft Visual Studio Solution File, Format Version 12.00
# Visual Studio Version 16
VisualStudioVersion = 16.0.31515.178
MinimumVisualStudioVersion = 10.0.40219.1
Project("{8BC9CEB8-8B4A-11D0-8D11-00A0C91BC942}") = "echo", "echo.vcxproj", "{D8D6D4B8-7626-4639-B2AB-B22F439C3166}"
EndProject
Global
	GlobalSection(SolutionConfigurationPlatforms) = preSolution
		Debug|x64 = Debug|x64
		Debug|x86 = Debug|x86
		Release|x64 = Release|x64
		Release|x86 = Release|x86
	EndGlobalSection
	GlobalSection(ProjectConfigurationPlatforms) = postSolution
		{D8D6D4B8-7626-4639-B2AB-B22F439C3166}.Debug|x64.ActiveCfg = Debug|x64
		{D8D6D4B8-7626-4639-B2AB-B22F439C3166}.Debug|x64.Build.0 = Debug|x64
		{D8D6D4B8-7626-4639-B2AB-B22F439C3166}.Debug|x86.ActiveCfg = Debug|Win32
		{D8D6D4B8-7626-4639-B2AB-B22F439C3166}.Debug|x86.Build.0 = Debug|Win32
		{D8D6D4B8-7626-4639-B2AB-B22F439C3166}.Release|x64.ActiveCfg = Release|x64
		{D8D6D4B8-7626-4639-B2AB-B22F439C3166}.Release|x64.Build.0 = Release|x64
		{D8D6D4B8-7626-4639-B2AB-B22F439C3166}.Release|x86.ActiveCfg = Release|Win32
		{D8D6D4B8-7626-4639-B2AB-B22F439C3166}.Release|x86.Build.0 = Release|Win32
	EndGlobalSection
	GlobalSection(SolutionProperties) = preSolution
		HideSolutionNode = FALSE
	EndGlobalSection
	GlobalSection(ExtensibilityGlobals) = postSolution
		SolutionGuid = {DBCD2A40-852C-45F9-848F-FC33942E7AF6}
	EndGlobalSection
EndGlobal
